
Microsoft Visual Studio Solution File, Format Version 12.00
# Visual Studio Version 17
VisualStudioVersion = 17.3.32929.385
MinimumVisualStudioVersion = 10.0.40219.1
Project("{9A19103F-16F7-4668-BE54-9A1E7A4F7556}") = "Domain", "Domain\Domain.csproj", "{1E75DDD9-AF71-4A28-BC88-BF58470A64D5}"
EndProject
Project("{9A19103F-16F7-4668-BE54-9A1E7A4F7556}") = "Repository", "Repository\Repository.csproj", "{797F9B61-1E2D-4A1F-BB1B-83CB8CAD4135}"
EndProject
Project("{9A19103F-16F7-4668-BE54-9A1E7A4F7556}") = "Services", "Services\Services.csproj", "{79E389D8-FA53-449A-AC61-89C93008B676}"
EndProject
Project("{9A19103F-16F7-4668-BE54-9A1E7A4F7556}") = "WebApi", "WebApi\WebApi.csproj", "{067C50B7-538C-434F-A150-8F50522C77AD}"
EndProject
Project("{FAE04EC0-301F-11D3-BF4B-00C04F79EFBC}") = "WebSite", "WebSite\WebSite.csproj", "{B513899D-ED9C-4FF7-8096-504961FF18C1}"
EndProject
Global
	GlobalSection(SolutionConfigurationPlatforms) = preSolution
		Debug|Any CPU = Debug|Any CPU
		Release|Any CPU = Release|Any CPU
	EndGlobalSection
	GlobalSection(ProjectConfigurationPlatforms) = postSolution
		{1E75DDD9-AF71-4A28-BC88-BF58470A64D5}.Debug|Any CPU.ActiveCfg = Debug|Any CPU
		{1E75DDD9-AF71-4A28-BC88-BF58470A64D5}.Debug|Any CPU.Build.0 = Debug|Any CPU
		{1E75DDD9-AF71-4A28-BC88-BF58470A64D5}.Release|Any CPU.ActiveCfg = Release|Any CPU
		{1E75DDD9-AF71-4A28-BC88-BF58470A64D5}.Release|Any CPU.Build.0 = Release|Any CPU
		{797F9B61-1E2D-4A1F-BB1B-83CB8CAD4135}.Debug|Any CPU.ActiveCfg = Debug|Any CPU
		{797F9B61-1E2D-4A1F-BB1B-83CB8CAD4135}.Debug|Any CPU.Build.0 = Debug|Any CPU
		{797F9B61-1E2D-4A1F-BB1B-83CB8CAD4135}.Release|Any CPU.ActiveCfg = Release|Any CPU
		{797F9B61-1E2D-4A1F-BB1B-83CB8CAD4135}.Release|Any CPU.Build.0 = Release|Any CPU
		{79E389D8-FA53-449A-AC61-89C93008B676}.Debug|Any CPU.ActiveCfg = Debug|Any CPU
		{79E389D8-FA53-449A-AC61-89C93008B676}.Debug|Any CPU.Build.0 = Debug|Any CPU
		{79E389D8-FA53-449A-AC61-89C93008B676}.Release|Any CPU.ActiveCfg = Release|Any CPU
		{79E389D8-FA53-449A-AC61-89C93008B676}.Release|Any CPU.Build.0 = Release|Any CPU
		{067C50B7-538C-434F-A150-8F50522C77AD}.Debug|Any CPU.ActiveCfg = Debug|Any CPU
		{067C50B7-538C-434F-A150-8F50522C77AD}.Debug|Any CPU.Build.0 = Debug|Any CPU
		{067C50B7-538C-434F-A150-8F50522C77AD}.Release|Any CPU.ActiveCfg = Release|Any CPU
		{067C50B7-538C-434F-A150-8F50522C77AD}.Release|Any CPU.Build.0 = Release|Any CPU
		{B513899D-ED9C-4FF7-8096-504961FF18C1}.Debug|Any CPU.ActiveCfg = Debug|Any CPU
		{B513899D-ED9C-4FF7-8096-504961FF18C1}.Debug|Any CPU.Build.0 = Debug|Any CPU
		{B513899D-ED9C-4FF7-8096-504961FF18C1}.Release|Any CPU.ActiveCfg = Release|Any CPU
		{B513899D-ED9C-4FF7-8096-504961FF18C1}.Release|Any CPU.Build.0 = Release|Any CPU
	EndGlobalSection
	GlobalSection(SolutionProperties) = preSolution
		HideSolutionNode = FALSE
	EndGlobalSection
	GlobalSection(ExtensibilityGlobals) = postSolution
		SolutionGuid = {D42A0E7F-4059-459B-BFE4-65214F97983E}
	EndGlobalSection
EndGlobal
